
Microsoft Visual Studio Solution File, Format Version 12.00
# Visual Studio 15
VisualStudioVersion = 15.0.27428.2005
MinimumVisualStudioVersion = 10.0.40219.1
Project("{FAE04EC0-301F-11D3-BF4B-00C04F79EFBC}") = "GrandPrix", "GrandPrix\GrandPrix.csproj", "{01322141-7A52-438B-899F-A976F07B292D}"
EndProject
Global
	GlobalSection(SolutionConfigurationPlatforms) = preSolution
		Debug|Any CPU = Debug|Any CPU
		Release|Any CPU = Release|Any CPU
	EndGlobalSection
	GlobalSection(ProjectConfigurationPlatforms) = postSolution
		{01322141-7A52-438B-899F-A976F07B292D}.Debug|Any CPU.ActiveCfg = Debug|Any CPU
		{01322141-7A52-438B-899F-A976F07B292D}.Debug|Any CPU.Build.0 = Debug|Any CPU
		{01322141-7A52-438B-899F-A976F07B292D}.Release|Any CPU.ActiveCfg = Release|Any CPU
		{01322141-7A52-438B-899F-A976F07B292D}.Release|Any CPU.Build.0 = Release|Any CPU
	EndGlobalSection
	GlobalSection(SolutionProperties) = preSolution
		HideSolutionNode = FALSE
	EndGlobalSection
	GlobalSection(ExtensibilityGlobals) = postSolution
		SolutionGuid = {FD24EF91-20DA-4263-8D1D-82DEF9CDBB61}
	EndGlobalSection
EndGlobal
