
Microsoft Visual Studio Solution File, Format Version 12.00
# Visual Studio 15
VisualStudioVersion = 15.0.27130.2036
MinimumVisualStudioVersion = 10.0.40219.1
Project("{9A19103F-16F7-4668-BE54-9A1E7A4F7556}") = "01.IPerson", "01.IPerson\01.IPerson.csproj", "{066CECD9-216A-41A2-92F8-F2A5D2E3E439}"
EndProject
Project("{9A19103F-16F7-4668-BE54-9A1E7A4F7556}") = "02.MultipleImplementation", "02.MultipleImplementation\02.MultipleImplementation.csproj", "{10A961C4-1C8B-4565-9E38-0724AA78775C}"
EndProject
Project("{9A19103F-16F7-4668-BE54-9A1E7A4F7556}") = "03.Ferrari", "03.Ferrari\03.Ferrari.csproj", "{06D8C908-85A9-40E2-8E49-BF2ED04EA2E7}"
EndProject
Project("{9A19103F-16F7-4668-BE54-9A1E7A4F7556}") = "04.Telephony", "04.Telephony\04.Telephony.csproj", "{C9443F47-478F-459A-A0AB-6EA35C525C12}"
EndProject
Project("{FAE04EC0-301F-11D3-BF4B-00C04F79EFBC}") = "05.BorderControl", "05.BorderControl\05.BorderControl.csproj", "{B1D57BC8-DB97-4C1B-80B8-45F1ED2DCF91}"
EndProject
Project("{FAE04EC0-301F-11D3-BF4B-00C04F79EFBC}") = "06.BirthdayCelebrations", "06.BirthdayCelebrations\06.BirthdayCelebrations.csproj", "{45DE2855-7A7D-4EC2-B577-941972678BAE}"
EndProject
Project("{FAE04EC0-301F-11D3-BF4B-00C04F79EFBC}") = "07.FoodStorage", "07.FoodStorage\07.FoodStorage.csproj", "{A9BF3221-56D4-4DCB-A7F5-7DFCF272D3F0}"
EndProject
Project("{FAE04EC0-301F-11D3-BF4B-00C04F79EFBC}") = "08.MilitaryElite", "08.MilitaryElite\08.MilitaryElite.csproj", "{2B090452-7311-4A3E-BECF-56E7FEBEB341}"
EndProject
Global
	GlobalSection(SolutionConfigurationPlatforms) = preSolution
		Debug|Any CPU = Debug|Any CPU
		Release|Any CPU = Release|Any CPU
	EndGlobalSection
	GlobalSection(ProjectConfigurationPlatforms) = postSolution
		{066CECD9-216A-41A2-92F8-F2A5D2E3E439}.Debug|Any CPU.ActiveCfg = Debug|Any CPU
		{066CECD9-216A-41A2-92F8-F2A5D2E3E439}.Debug|Any CPU.Build.0 = Debug|Any CPU
		{066CECD9-216A-41A2-92F8-F2A5D2E3E439}.Release|Any CPU.ActiveCfg = Release|Any CPU
		{066CECD9-216A-41A2-92F8-F2A5D2E3E439}.Release|Any CPU.Build.0 = Release|Any CPU
		{10A961C4-1C8B-4565-9E38-0724AA78775C}.Debug|Any CPU.ActiveCfg = Debug|Any CPU
		{10A961C4-1C8B-4565-9E38-0724AA78775C}.Debug|Any CPU.Build.0 = Debug|Any CPU
		{10A961C4-1C8B-4565-9E38-0724AA78775C}.Release|Any CPU.ActiveCfg = Release|Any CPU
		{10A961C4-1C8B-4565-9E38-0724AA78775C}.Release|Any CPU.Build.0 = Release|Any CPU
		{06D8C908-85A9-40E2-8E49-BF2ED04EA2E7}.Debug|Any CPU.ActiveCfg = Debug|Any CPU
		{06D8C908-85A9-40E2-8E49-BF2ED04EA2E7}.Debug|Any CPU.Build.0 = Debug|Any CPU
		{06D8C908-85A9-40E2-8E49-BF2ED04EA2E7}.Release|Any CPU.ActiveCfg = Release|Any CPU
		{06D8C908-85A9-40E2-8E49-BF2ED04EA2E7}.Release|Any CPU.Build.0 = Release|Any CPU
		{C9443F47-478F-459A-A0AB-6EA35C525C12}.Debug|Any CPU.ActiveCfg = Debug|Any CPU
		{C9443F47-478F-459A-A0AB-6EA35C525C12}.Debug|Any CPU.Build.0 = Debug|Any CPU
		{C9443F47-478F-459A-A0AB-6EA35C525C12}.Release|Any CPU.ActiveCfg = Release|Any CPU
		{C9443F47-478F-459A-A0AB-6EA35C525C12}.Release|Any CPU.Build.0 = Release|Any CPU
		{B1D57BC8-DB97-4C1B-80B8-45F1ED2DCF91}.Debug|Any CPU.ActiveCfg = Debug|Any CPU
		{B1D57BC8-DB97-4C1B-80B8-45F1ED2DCF91}.Debug|Any CPU.Build.0 = Debug|Any CPU
		{B1D57BC8-DB97-4C1B-80B8-45F1ED2DCF91}.Release|Any CPU.ActiveCfg = Release|Any CPU
		{B1D57BC8-DB97-4C1B-80B8-45F1ED2DCF91}.Release|Any CPU.Build.0 = Release|Any CPU
		{45DE2855-7A7D-4EC2-B577-941972678BAE}.Debug|Any CPU.ActiveCfg = Debug|Any CPU
		{45DE2855-7A7D-4EC2-B577-941972678BAE}.Debug|Any CPU.Build.0 = Debug|Any CPU
		{45DE2855-7A7D-4EC2-B577-941972678BAE}.Release|Any CPU.ActiveCfg = Release|Any CPU
		{45DE2855-7A7D-4EC2-B577-941972678BAE}.Release|Any CPU.Build.0 = Release|Any CPU
		{A9BF3221-56D4-4DCB-A7F5-7DFCF272D3F0}.Debug|Any CPU.ActiveCfg = Debug|Any CPU
		{A9BF3221-56D4-4DCB-A7F5-7DFCF272D3F0}.Debug|Any CPU.Build.0 = Debug|Any CPU
		{A9BF3221-56D4-4DCB-A7F5-7DFCF272D3F0}.Release|Any CPU.ActiveCfg = Release|Any CPU
		{A9BF3221-56D4-4DCB-A7F5-7DFCF272D3F0}.Release|Any CPU.Build.0 = Release|Any CPU
		{2B090452-7311-4A3E-BECF-56E7FEBEB341}.Debug|Any CPU.ActiveCfg = Debug|Any CPU
		{2B090452-7311-4A3E-BECF-56E7FEBEB341}.Debug|Any CPU.Build.0 = Debug|Any CPU
		{2B090452-7311-4A3E-BECF-56E7FEBEB341}.Release|Any CPU.ActiveCfg = Release|Any CPU
		{2B090452-7311-4A3E-BECF-56E7FEBEB341}.Release|Any CPU.Build.0 = Release|Any CPU
	EndGlobalSection
	GlobalSection(SolutionProperties) = preSolution
		HideSolutionNode = FALSE
	EndGlobalSection
	GlobalSection(ExtensibilityGlobals) = postSolution
		SolutionGuid = {9230E95D-9369-4FC3-8162-5FDFF497CDAD}
	EndGlobalSection
EndGlobal
