
Microsoft Visual Studio Solution File, Format Version 12.00
# Visual Studio 15
VisualStudioVersion = 15.0.27130.2036
MinimumVisualStudioVersion = 10.0.40219.1
Project("{FAE04EC0-301F-11D3-BF4B-00C04F79EFBC}") = "01.Vehicles", "01.Vehicles\01.Vehicles.csproj", "{ADB2969B-43F8-4649-AD06-A73000279A36}"
EndProject
Project("{FAE04EC0-301F-11D3-BF4B-00C04F79EFBC}") = "02.VehiclesExtension", "02.VehiclesExtension\02.VehiclesExtension.csproj", "{A08D0534-96A7-4A30-9E16-A0907DBFBBFE}"
EndProject
Project("{FAE04EC0-301F-11D3-BF4B-00C04F79EFBC}") = "03.WildFarm", "03.WildFarm\03.WildFarm.csproj", "{BF5ADCCD-3F75-4DB4-B89E-205BB24CC993}"
EndProject
Global
	GlobalSection(SolutionConfigurationPlatforms) = preSolution
		Debug|Any CPU = Debug|Any CPU
		Release|Any CPU = Release|Any CPU
	EndGlobalSection
	GlobalSection(ProjectConfigurationPlatforms) = postSolution
		{ADB2969B-43F8-4649-AD06-A73000279A36}.Debug|Any CPU.ActiveCfg = Debug|Any CPU
		{ADB2969B-43F8-4649-AD06-A73000279A36}.Debug|Any CPU.Build.0 = Debug|Any CPU
		{ADB2969B-43F8-4649-AD06-A73000279A36}.Release|Any CPU.ActiveCfg = Release|Any CPU
		{ADB2969B-43F8-4649-AD06-A73000279A36}.Release|Any CPU.Build.0 = Release|Any CPU
		{A08D0534-96A7-4A30-9E16-A0907DBFBBFE}.Debug|Any CPU.ActiveCfg = Debug|Any CPU
		{A08D0534-96A7-4A30-9E16-A0907DBFBBFE}.Debug|Any CPU.Build.0 = Debug|Any CPU
		{A08D0534-96A7-4A30-9E16-A0907DBFBBFE}.Release|Any CPU.ActiveCfg = Release|Any CPU
		{A08D0534-96A7-4A30-9E16-A0907DBFBBFE}.Release|Any CPU.Build.0 = Release|Any CPU
		{BF5ADCCD-3F75-4DB4-B89E-205BB24CC993}.Debug|Any CPU.ActiveCfg = Debug|Any CPU
		{BF5ADCCD-3F75-4DB4-B89E-205BB24CC993}.Debug|Any CPU.Build.0 = Debug|Any CPU
		{BF5ADCCD-3F75-4DB4-B89E-205BB24CC993}.Release|Any CPU.ActiveCfg = Release|Any CPU
		{BF5ADCCD-3F75-4DB4-B89E-205BB24CC993}.Release|Any CPU.Build.0 = Release|Any CPU
	EndGlobalSection
	GlobalSection(SolutionProperties) = preSolution
		HideSolutionNode = FALSE
	EndGlobalSection
	GlobalSection(ExtensibilityGlobals) = postSolution
		SolutionGuid = {E861A055-580B-4349-8914-961088999F18}
	EndGlobalSection
EndGlobal
