
Microsoft Visual Studio Solution File, Format Version 12.00
# Visual Studio 15
VisualStudioVersion = 15.0.27428.2002
MinimumVisualStudioVersion = 10.0.40219.1
Project("{FAE04EC0-301F-11D3-BF4B-00C04F79EFBC}") = "MineDraft", "MineDraft\MineDraft.csproj", "{1272CC1D-46E0-41E1-BBE5-0BAF7B1C3D1F}"
EndProject
Global
	GlobalSection(SolutionConfigurationPlatforms) = preSolution
		Debug|Any CPU = Debug|Any CPU
		Release|Any CPU = Release|Any CPU
	EndGlobalSection
	GlobalSection(ProjectConfigurationPlatforms) = postSolution
		{1272CC1D-46E0-41E1-BBE5-0BAF7B1C3D1F}.Debug|Any CPU.ActiveCfg = Debug|Any CPU
		{1272CC1D-46E0-41E1-BBE5-0BAF7B1C3D1F}.Debug|Any CPU.Build.0 = Debug|Any CPU
		{1272CC1D-46E0-41E1-BBE5-0BAF7B1C3D1F}.Release|Any CPU.ActiveCfg = Release|Any CPU
		{1272CC1D-46E0-41E1-BBE5-0BAF7B1C3D1F}.Release|Any CPU.Build.0 = Release|Any CPU
	EndGlobalSection
	GlobalSection(SolutionProperties) = preSolution
		HideSolutionNode = FALSE
	EndGlobalSection
	GlobalSection(ExtensibilityGlobals) = postSolution
		SolutionGuid = {307FF095-822A-4161-8D45-DF13EFAB2F2E}
	EndGlobalSection
EndGlobal
